
Microsoft Visual Studio Solution File, Format Version 12.00
# Visual Studio 15
VisualStudioVersion = 15.0.26430.6
MinimumVisualStudioVersion = 10.0.40219.1
Project("{FAE04EC0-301F-11D3-BF4B-00C04F79EFBC}") = "RestServiceLibrary", "RestServiceLibrary\RestServiceLibrary.csproj", "{F054129C-9B4F-4B01-9E29-87E0B763A2BE}"
EndProject
Project("{FAE04EC0-301F-11D3-BF4B-00C04F79EFBC}") = "RestConsoleHost", "RestConsoleHost\RestConsoleHost.csproj", "{DFC456F9-9639-4EE3-ACF3-E1D767F79F35}"
EndProject
Project("{FAE04EC0-301F-11D3-BF4B-00C04F79EFBC}") = "RestClient", "RestClient\RestClient.csproj", "{3169D472-D272-4EC5-B8E1-B62CA5E1349F}"
	ProjectSection(ProjectDependencies) = postProject
		{F054129C-9B4F-4B01-9E29-87E0B763A2BE} = {F054129C-9B4F-4B01-9E29-87E0B763A2BE}
	EndProjectSection
EndProject
Global
	GlobalSection(SolutionConfigurationPlatforms) = preSolution
		Debug|Any CPU = Debug|Any CPU
		Release|Any CPU = Release|Any CPU
	EndGlobalSection
	GlobalSection(ProjectConfigurationPlatforms) = postSolution
		{F054129C-9B4F-4B01-9E29-87E0B763A2BE}.Debug|Any CPU.ActiveCfg = Debug|Any CPU
		{F054129C-9B4F-4B01-9E29-87E0B763A2BE}.Debug|Any CPU.Build.0 = Debug|Any CPU
		{F054129C-9B4F-4B01-9E29-87E0B763A2BE}.Release|Any CPU.ActiveCfg = Release|Any CPU
		{F054129C-9B4F-4B01-9E29-87E0B763A2BE}.Release|Any CPU.Build.0 = Release|Any CPU
		{DFC456F9-9639-4EE3-ACF3-E1D767F79F35}.Debug|Any CPU.ActiveCfg = Debug|Any CPU
		{DFC456F9-9639-4EE3-ACF3-E1D767F79F35}.Debug|Any CPU.Build.0 = Debug|Any CPU
		{DFC456F9-9639-4EE3-ACF3-E1D767F79F35}.Release|Any CPU.ActiveCfg = Release|Any CPU
		{DFC456F9-9639-4EE3-ACF3-E1D767F79F35}.Release|Any CPU.Build.0 = Release|Any CPU
		{3169D472-D272-4EC5-B8E1-B62CA5E1349F}.Debug|Any CPU.ActiveCfg = Debug|Any CPU
		{3169D472-D272-4EC5-B8E1-B62CA5E1349F}.Debug|Any CPU.Build.0 = Debug|Any CPU
		{3169D472-D272-4EC5-B8E1-B62CA5E1349F}.Release|Any CPU.ActiveCfg = Release|Any CPU
		{3169D472-D272-4EC5-B8E1-B62CA5E1349F}.Release|Any CPU.Build.0 = Release|Any CPU
	EndGlobalSection
	GlobalSection(SolutionProperties) = preSolution
		HideSolutionNode = FALSE
	EndGlobalSection
	GlobalSection(ExtensibilityGlobals) = postSolution
		SolutionGuid = {A174A3F6-F2BA-4D60-ADA8-B93F92CEA4B9}
	EndGlobalSection
EndGlobal
