
Microsoft Visual Studio Solution File, Format Version 12.00
# Visual Studio 15
VisualStudioVersion = 15.0.26430.6
MinimumVisualStudioVersion = 10.0.40219.1
Project("{2150E333-8FDC-42A3-9474-1A3956D46DE8}") = "G_Del", "G_Del", "{0E3DC6C8-EEDF-4432-8D4A-7F376280A2F7}"
EndProject
Project("{2150E333-8FDC-42A3-9474-1A3956D46DE8}") = "01", "01", "{7FD61550-5FF5-43B4-A4A9-5FDA96A14482}"
EndProject
Project("{FAE04EC0-301F-11D3-BF4B-00C04F79EFBC}") = "ClientApp_01", "G_Del\01\ClientApp_01\ClientApp_01.csproj", "{EC30880F-095E-4F3F-A0FB-7231FA3537C7}"
EndProject
Project("{2150E333-8FDC-42A3-9474-1A3956D46DE8}") = "03", "03", "{E841BBC6-5DB0-4FEC-9891-05D4BD4691AA}"
EndProject
Project("{FAE04EC0-301F-11D3-BF4B-00C04F79EFBC}") = "VehicleIncServiceLibrary", "G_Del\03\VehicleIncServiceLibrary\VehicleIncServiceLibrary.csproj", "{9BDB2431-2CD3-470C-8697-4E30E4D94EE0}"
EndProject
Project("{FAE04EC0-301F-11D3-BF4B-00C04F79EFBC}") = "VehicleIncConsoleHost", "G_Del\03\VehicleIncConsoleHost\VehicleIncConsoleHost.csproj", "{F6278D62-B106-4566-B673-39F5FABA70BA}"
EndProject
Project("{FAE04EC0-301F-11D3-BF4B-00C04F79EFBC}") = "VehicleClient", "G_Del\03\VehicleClient\VehicleClient.csproj", "{A7BE7556-EC49-4147-B690-CA9F7A67EF63}"
EndProject
Project("{2150E333-8FDC-42A3-9474-1A3956D46DE8}") = "VG_Del", "VG_Del", "{904D2DF1-3E8C-41FE-A0ED-2662EEDF51A8}"
EndProject
Project("{2150E333-8FDC-42A3-9474-1A3956D46DE8}") = "08", "08", "{55072474-F195-458C-92AC-8EBE4AD814CB}"
EndProject
Project("{FAE04EC0-301F-11D3-BF4B-00C04F79EFBC}") = "MyLibraryApp", "VG_Del\08\MyLibraryApp\MyLibraryApp.csproj", "{E3AD9C42-578B-4278-BF29-BB9D9C032796}"
EndProject
Global
	GlobalSection(SolutionConfigurationPlatforms) = preSolution
		Debug|Any CPU = Debug|Any CPU
		Release|Any CPU = Release|Any CPU
	EndGlobalSection
	GlobalSection(ProjectConfigurationPlatforms) = postSolution
		{EC30880F-095E-4F3F-A0FB-7231FA3537C7}.Debug|Any CPU.ActiveCfg = Debug|Any CPU
		{EC30880F-095E-4F3F-A0FB-7231FA3537C7}.Debug|Any CPU.Build.0 = Debug|Any CPU
		{EC30880F-095E-4F3F-A0FB-7231FA3537C7}.Release|Any CPU.ActiveCfg = Release|Any CPU
		{EC30880F-095E-4F3F-A0FB-7231FA3537C7}.Release|Any CPU.Build.0 = Release|Any CPU
		{9BDB2431-2CD3-470C-8697-4E30E4D94EE0}.Debug|Any CPU.ActiveCfg = Debug|Any CPU
		{9BDB2431-2CD3-470C-8697-4E30E4D94EE0}.Debug|Any CPU.Build.0 = Debug|Any CPU
		{9BDB2431-2CD3-470C-8697-4E30E4D94EE0}.Release|Any CPU.ActiveCfg = Release|Any CPU
		{9BDB2431-2CD3-470C-8697-4E30E4D94EE0}.Release|Any CPU.Build.0 = Release|Any CPU
		{F6278D62-B106-4566-B673-39F5FABA70BA}.Debug|Any CPU.ActiveCfg = Debug|Any CPU
		{F6278D62-B106-4566-B673-39F5FABA70BA}.Debug|Any CPU.Build.0 = Debug|Any CPU
		{F6278D62-B106-4566-B673-39F5FABA70BA}.Release|Any CPU.ActiveCfg = Release|Any CPU
		{F6278D62-B106-4566-B673-39F5FABA70BA}.Release|Any CPU.Build.0 = Release|Any CPU
		{A7BE7556-EC49-4147-B690-CA9F7A67EF63}.Debug|Any CPU.ActiveCfg = Debug|Any CPU
		{A7BE7556-EC49-4147-B690-CA9F7A67EF63}.Debug|Any CPU.Build.0 = Debug|Any CPU
		{A7BE7556-EC49-4147-B690-CA9F7A67EF63}.Release|Any CPU.ActiveCfg = Release|Any CPU
		{A7BE7556-EC49-4147-B690-CA9F7A67EF63}.Release|Any CPU.Build.0 = Release|Any CPU
		{E3AD9C42-578B-4278-BF29-BB9D9C032796}.Debug|Any CPU.ActiveCfg = Debug|Any CPU
		{E3AD9C42-578B-4278-BF29-BB9D9C032796}.Debug|Any CPU.Build.0 = Debug|Any CPU
		{E3AD9C42-578B-4278-BF29-BB9D9C032796}.Release|Any CPU.ActiveCfg = Release|Any CPU
		{E3AD9C42-578B-4278-BF29-BB9D9C032796}.Release|Any CPU.Build.0 = Release|Any CPU
	EndGlobalSection
	GlobalSection(SolutionProperties) = preSolution
		HideSolutionNode = FALSE
	EndGlobalSection
	GlobalSection(NestedProjects) = preSolution
		{7FD61550-5FF5-43B4-A4A9-5FDA96A14482} = {0E3DC6C8-EEDF-4432-8D4A-7F376280A2F7}
		{EC30880F-095E-4F3F-A0FB-7231FA3537C7} = {7FD61550-5FF5-43B4-A4A9-5FDA96A14482}
		{E841BBC6-5DB0-4FEC-9891-05D4BD4691AA} = {0E3DC6C8-EEDF-4432-8D4A-7F376280A2F7}
		{9BDB2431-2CD3-470C-8697-4E30E4D94EE0} = {E841BBC6-5DB0-4FEC-9891-05D4BD4691AA}
		{F6278D62-B106-4566-B673-39F5FABA70BA} = {E841BBC6-5DB0-4FEC-9891-05D4BD4691AA}
		{A7BE7556-EC49-4147-B690-CA9F7A67EF63} = {E841BBC6-5DB0-4FEC-9891-05D4BD4691AA}
		{55072474-F195-458C-92AC-8EBE4AD814CB} = {904D2DF1-3E8C-41FE-A0ED-2662EEDF51A8}
		{E3AD9C42-578B-4278-BF29-BB9D9C032796} = {55072474-F195-458C-92AC-8EBE4AD814CB}
	EndGlobalSection
EndGlobal
