
Microsoft Visual Studio Solution File, Format Version 12.00
# Visual Studio 15
VisualStudioVersion = 15.0.27428.2037
MinimumVisualStudioVersion = 10.0.40219.1
Project("{FAE04EC0-301F-11D3-BF4B-00C04F79EFBC}") = "VehicleIncServiceLibrary", "VehicleIncServiceLibrary\VehicleIncServiceLibrary.csproj", "{9BDB2431-2CD3-470C-8697-4E30E4D94EE0}"
EndProject
Project("{FAE04EC0-301F-11D3-BF4B-00C04F79EFBC}") = "VehicleIncConsoleHost", "VehicleIncConsoleHost\VehicleIncConsoleHost.csproj", "{F6278D62-B106-4566-B673-39F5FABA70BA}"
EndProject
Project("{FAE04EC0-301F-11D3-BF4B-00C04F79EFBC}") = "VehicleClient", "VehicleClient\VehicleClient.csproj", "{A7BE7556-EC49-4147-B690-CA9F7A67EF63}"
EndProject
Global
	GlobalSection(SolutionConfigurationPlatforms) = preSolution
		Debug|Any CPU = Debug|Any CPU
		Release|Any CPU = Release|Any CPU
	EndGlobalSection
	GlobalSection(ProjectConfigurationPlatforms) = postSolution
		{9BDB2431-2CD3-470C-8697-4E30E4D94EE0}.Debug|Any CPU.ActiveCfg = Debug|Any CPU
		{9BDB2431-2CD3-470C-8697-4E30E4D94EE0}.Debug|Any CPU.Build.0 = Debug|Any CPU
		{9BDB2431-2CD3-470C-8697-4E30E4D94EE0}.Release|Any CPU.ActiveCfg = Release|Any CPU
		{9BDB2431-2CD3-470C-8697-4E30E4D94EE0}.Release|Any CPU.Build.0 = Release|Any CPU
		{F6278D62-B106-4566-B673-39F5FABA70BA}.Debug|Any CPU.ActiveCfg = Debug|Any CPU
		{F6278D62-B106-4566-B673-39F5FABA70BA}.Debug|Any CPU.Build.0 = Debug|Any CPU
		{F6278D62-B106-4566-B673-39F5FABA70BA}.Release|Any CPU.ActiveCfg = Release|Any CPU
		{F6278D62-B106-4566-B673-39F5FABA70BA}.Release|Any CPU.Build.0 = Release|Any CPU
		{A7BE7556-EC49-4147-B690-CA9F7A67EF63}.Debug|Any CPU.ActiveCfg = Debug|Any CPU
		{A7BE7556-EC49-4147-B690-CA9F7A67EF63}.Debug|Any CPU.Build.0 = Debug|Any CPU
		{A7BE7556-EC49-4147-B690-CA9F7A67EF63}.Release|Any CPU.ActiveCfg = Release|Any CPU
		{A7BE7556-EC49-4147-B690-CA9F7A67EF63}.Release|Any CPU.Build.0 = Release|Any CPU
	EndGlobalSection
	GlobalSection(SolutionProperties) = preSolution
		HideSolutionNode = FALSE
	EndGlobalSection
	GlobalSection(ExtensibilityGlobals) = postSolution
		SolutionGuid = {DB4ABD37-7A1B-498E-8FEF-7274CD414BDA}
	EndGlobalSection
EndGlobal
